// !$*UTF8*$!
{
	archiveVersion = 1;
	classes = {
	};
	objectVersion = 50;
	objects = {

/* Begin PBXBuildFile section */
		D657695425010BF7004ADCFC /* Live.storyboard in Resources */ = {isa = PBXBuildFile; fileRef = D657695325010BF7004ADCFC /* Live.storyboard */; };
		D657695625010C28004ADCFC /* Yule.storyboard in Resources */ = {isa = PBXBuildFile; fileRef = D657695525010C28004ADCFC /* Yule.storyboard */; };
		D657695925010C54004ADCFC /* Focus.storyboard in Resources */ = {isa = PBXBuildFile; fileRef = D657695725010C54004ADCFC /* Focus.storyboard */; };
		D657695B25010C68004ADCFC /* Yuba.storyboard in Resources */ = {isa = PBXBuildFile; fileRef = D657695A25010C68004ADCFC /* Yuba.storyboard */; };
		D657695E25010C85004ADCFC /* Discovery.storyboard in Resources */ = {isa = PBXBuildFile; fileRef = D657695C25010C85004ADCFC /* Discovery.storyboard */; };
		D657696025010F16004ADCFC /* MainViewController.swift in Sources */ = {isa = PBXBuildFile; fileRef = D657695F25010F16004ADCFC /* MainViewController.swift */; };
		D69D72272500B260003CC22E /* AppDelegate.swift in Sources */ = {isa = PBXBuildFile; fileRef = D69D72262500B260003CC22E /* AppDelegate.swift */; };
		D69D72292500B260003CC22E /* SceneDelegate.swift in Sources */ = {isa = PBXBuildFile; fileRef = D69D72282500B260003CC22E /* SceneDelegate.swift */; };
		D69D722E2500B260003CC22E /* Main.storyboard in Resources */ = {isa = PBXBuildFile; fileRef = D69D722C2500B260003CC22E /* Main.storyboard */; };
		D69D72312500B260003CC22E /* DouYu.xcdatamodeld in Sources */ = {isa = PBXBuildFile; fileRef = D69D722F2500B260003CC22E /* DouYu.xcdatamodeld */; };
		D69D72332500B261003CC22E /* Assets.xcassets in Resources */ = {isa = PBXBuildFile; fileRef = D69D72322500B261003CC22E /* Assets.xcassets */; };
		D69D72362500B261003CC22E /* LaunchScreen.storyboard in Resources */ = {isa = PBXBuildFile; fileRef = D69D72342500B261003CC22E /* LaunchScreen.storyboard */; };
		D69D723F2500E332003CC22E /* app_start_bottom.png in Resources */ = {isa = PBXBuildFile; fileRef = D69D723D2500E331003CC22E /* app_start_bottom.png */; };
		D69D72402500E332003CC22E /* app_start_top.png in Resources */ = {isa = PBXBuildFile; fileRef = D69D723E2500E332003CC22E /* app_start_top.png */; };
/* End PBXBuildFile section */

/* Begin PBXFileReference section */
		D657695325010BF7004ADCFC /* Live.storyboard */ = {isa = PBXFileReference; fileEncoding = 4; lastKnownFileType = file.storyboard; path = Live.storyboard; sourceTree = "<group>"; };
		D657695525010C28004ADCFC /* Yule.storyboard */ = {isa = PBXFileReference; fileEncoding = 4; lastKnownFileType = file.storyboard; path = Yule.storyboard; sourceTree = "<group>"; };
		D657695825010C54004ADCFC /* Base */ = {isa = PBXFileReference; lastKnownFileType = file.storyboard; name = Base; path = DouYu/Classes/Main/Base.lproj/Focus.storyboard; sourceTree = SOURCE_ROOT; };
		D657695A25010C68004ADCFC /* Yuba.storyboard */ = {isa = PBXFileReference; fileEncoding = 4; lastKnownFileType = file.storyboard; path = Yuba.storyboard; sourceTree = SOURCE_ROOT; };
		D657695D25010C85004ADCFC /* Base */ = {isa = PBXFileReference; lastKnownFileType = file.storyboard; name = Base; path = DouYu/Classes/Main/Base.lproj/Discovery.storyboard; sourceTree = SOURCE_ROOT; };
		D657695F25010F16004ADCFC /* MainViewController.swift */ = {isa = PBXFileReference; lastKnownFileType = sourcecode.swift; path = MainViewController.swift; sourceTree = "<group>"; };
		D69D72232500B260003CC22E /* DouYu.app */ = {isa = PBXFileReference; explicitFileType = wrapper.application; includeInIndex = 0; path = DouYu.app; sourceTree = BUILT_PRODUCTS_DIR; };
		D69D72262500B260003CC22E /* AppDelegate.swift */ = {isa = PBXFileReference; lastKnownFileType = sourcecode.swift; path = AppDelegate.swift; sourceTree = "<group>"; };
		D69D72282500B260003CC22E /* SceneDelegate.swift */ = {isa = PBXFileReference; lastKnownFileType = sourcecode.swift; path = SceneDelegate.swift; sourceTree = "<group>"; };
		D69D722D2500B260003CC22E /* Base */ = {isa = PBXFileReference; lastKnownFileType = file.storyboard; name = Base; path = Base.lproj/Main.storyboard; sourceTree = "<group>"; };
		D69D72302500B260003CC22E /* DouYu.xcdatamodel */ = {isa = PBXFileReference; lastKnownFileType = wrapper.xcdatamodel; path = DouYu.xcdatamodel; sourceTree = "<group>"; };
		D69D72322500B261003CC22E /* Assets.xcassets */ = {isa = PBXFileReference; lastKnownFileType = folder.assetcatalog; path = Assets.xcassets; sourceTree = "<group>"; };
		D69D72352500B261003CC22E /* Base */ = {isa = PBXFileReference; lastKnownFileType = file.storyboard; name = Base; path = Base.lproj/LaunchScreen.storyboard; sourceTree = "<group>"; };
		D69D72372500B261003CC22E /* Info.plist */ = {isa = PBXFileReference; lastKnownFileType = text.plist.xml; path = Info.plist; sourceTree = "<group>"; };
		D69D723D2500E331003CC22E /* app_start_bottom.png */ = {isa = PBXFileReference; lastKnownFileType = image.png; path = app_start_bottom.png; sourceTree = "<group>"; };
		D69D723E2500E332003CC22E /* app_start_top.png */ = {isa = PBXFileReference; lastKnownFileType = image.png; path = app_start_top.png; sourceTree = "<group>"; };
/* End PBXFileReference section */

/* Begin PBXFrameworksBuildPhase section */
		D69D72202500B260003CC22E /* Frameworks */ = {
			isa = PBXFrameworksBuildPhase;
			buildActionMask = 2147483647;
			files = (
			);
			runOnlyForDeploymentPostprocessing = 0;
		};
/* End PBXFrameworksBuildPhase section */

/* Begin PBXGroup section */
		D657695225010A85004ADCFC /* Live */ = {
			isa = PBXGroup;
			children = (
				D657695325010BF7004ADCFC /* Live.storyboard */,
			);
			path = Live;
			sourceTree = "<group>";
		};
		D69D721A2500B260003CC22E = {
			isa = PBXGroup;
			children = (
				D69D72252500B260003CC22E /* DouYu */,
				D69D72242500B260003CC22E /* Products */,
			);
			sourceTree = "<group>";
		};
		D69D72242500B260003CC22E /* Products */ = {
			isa = PBXGroup;
			children = (
				D69D72232500B260003CC22E /* DouYu.app */,
			);
			name = Products;
			sourceTree = "<group>";
		};
		D69D72252500B260003CC22E /* DouYu */ = {
			isa = PBXGroup;
			children = (
				D69D72432500E5C4003CC22E /* Classes */,
				D69D72262500B260003CC22E /* AppDelegate.swift */,
				D69D72282500B260003CC22E /* SceneDelegate.swift */,
				D69D72322500B261003CC22E /* Assets.xcassets */,
				D69D72342500B261003CC22E /* LaunchScreen.storyboard */,
				D69D72422500E368003CC22E /* lunchScreenImages */,
				D69D72372500B261003CC22E /* Info.plist */,
				D69D722F2500B260003CC22E /* DouYu.xcdatamodeld */,
			);
			path = DouYu;
			sourceTree = "<group>";
		};
		D69D72422500E368003CC22E /* lunchScreenImages */ = {
			isa = PBXGroup;
			children = (
				D69D723E2500E332003CC22E /* app_start_top.png */,
				D69D723D2500E331003CC22E /* app_start_bottom.png */,
			);
			path = lunchScreenImages;
			sourceTree = "<group>";
		};
		D69D72432500E5C4003CC22E /* Classes */ = {
			isa = PBXGroup;
			children = (
				D69D72452500E632003CC22E /* Main */,
				D657695225010A85004ADCFC /* Live */,
				D69D72462500E63B003CC22E /* Yule */,
				D69D72442500E5D7003CC22E /* Focus */,
				D69D72472500E649003CC22E /* Yuba */,
				D69D724A2500ECBD003CC22E /* Discovery */,
				D69D72482500E659003CC22E /* Profile */,
				D69D72492500E667003CC22E /* Tools */,
			);
			path = Classes;
			sourceTree = "<group>";
		};
		D69D72442500E5D7003CC22E /* Focus */ = {
			isa = PBXGroup;
			children = (
				D657695725010C54004ADCFC /* Focus.storyboard */,
			);
			path = Focus;
			sourceTree = "<group>";
		};
		D69D72452500E632003CC22E /* Main */ = {
			isa = PBXGroup;
			children = (
				D69D722C2500B260003CC22E /* Main.storyboard */,
				D657695F25010F16004ADCFC /* MainViewController.swift */,
			);
			path = Main;
			sourceTree = "<group>";
		};
		D69D72462500E63B003CC22E /* Yule */ = {
			isa = PBXGroup;
			children = (
				D657695525010C28004ADCFC /* Yule.storyboard */,
			);
			path = Yule;
			sourceTree = "<group>";
		};
		D69D72472500E649003CC22E /* Yuba */ = {
			isa = PBXGroup;
			children = (
				D657695A25010C68004ADCFC /* Yuba.storyboard */,
			);
			path = Yuba;
			sourceTree = "<group>";
		};
		D69D72482500E659003CC22E /* Profile */ = {
			isa = PBXGroup;
			children = (
			);
			path = Profile;
			sourceTree = "<group>";
		};
		D69D72492500E667003CC22E /* Tools */ = {
			isa = PBXGroup;
			children = (
			);
			path = Tools;
			sourceTree = "<group>";
		};
		D69D724A2500ECBD003CC22E /* Discovery */ = {
			isa = PBXGroup;
			children = (
				D657695C25010C85004ADCFC /* Discovery.storyboard */,
			);
			path = Discovery;
			sourceTree = "<group>";
		};
/* End PBXGroup section */

/* Begin PBXNativeTarget section */
		D69D72222500B260003CC22E /* DouYu */ = {
			isa = PBXNativeTarget;
			buildConfigurationList = D69D723A2500B261003CC22E /* Build configuration list for PBXNativeTarget "DouYu" */;
			buildPhases = (
				D69D721F2500B260003CC22E /* Sources */,
				D69D72202500B260003CC22E /* Frameworks */,
				D69D72212500B260003CC22E /* Resources */,
			);
			buildRules = (
			);
			dependencies = (
			);
			name = DouYu;
			productName = DouYu;
			productReference = D69D72232500B260003CC22E /* DouYu.app */;
			productType = "com.apple.product-type.application";
		};
/* End PBXNativeTarget section */

/* Begin PBXProject section */
		D69D721B2500B260003CC22E /* Project object */ = {
			isa = PBXProject;
			attributes = {
				LastSwiftUpdateCheck = 1170;
				LastUpgradeCheck = 1170;
				ORGANIZATIONNAME = "魏卧鱼";
				TargetAttributes = {
					D69D72222500B260003CC22E = {
						CreatedOnToolsVersion = 11.7;
					};
				};
			};
			buildConfigurationList = D69D721E2500B260003CC22E /* Build configuration list for PBXProject "DouYu" */;
			compatibilityVersion = "Xcode 9.3";
			developmentRegion = en;
			hasScannedForEncodings = 0;
			knownRegions = (
				en,
				Base,
			);
			mainGroup = D69D721A2500B260003CC22E;
			productRefGroup = D69D72242500B260003CC22E /* Products */;
			projectDirPath = "";
			projectRoot = "";
			targets = (
				D69D72222500B260003CC22E /* DouYu */,
			);
		};
/* End PBXProject section */

/* Begin PBXResourcesBuildPhase section */
		D69D72212500B260003CC22E /* Resources */ = {
			isa = PBXResourcesBuildPhase;
			buildActionMask = 2147483647;
			files = (
				D69D72362500B261003CC22E /* LaunchScreen.storyboard in Resources */,
				D69D723F2500E332003CC22E /* app_start_bottom.png in Resources */,
				D657695B25010C68004ADCFC /* Yuba.storyboard in Resources */,
				D657695625010C28004ADCFC /* Yule.storyboard in Resources */,
				D657695425010BF7004ADCFC /* Live.storyboard in Resources */,
				D657695E25010C85004ADCFC /* Discovery.storyboard in Resources */,
				D69D72332500B261003CC22E /* Assets.xcassets in Resources */,
				D69D72402500E332003CC22E /* app_start_top.png in Resources */,
				D69D722E2500B260003CC22E /* Main.storyboard in Resources */,
				D657695925010C54004ADCFC /* Focus.storyboard in Resources */,
			);
			runOnlyForDeploymentPostprocessing = 0;
		};
/* End PBXResourcesBuildPhase section */

/* Begin PBXSourcesBuildPhase section */
		D69D721F2500B260003CC22E /* Sources */ = {
			isa = PBXSourcesBuildPhase;
			buildActionMask = 2147483647;
			files = (
				D69D72312500B260003CC22E /* DouYu.xcdatamodeld in Sources */,
				D69D72272500B260003CC22E /* AppDelegate.swift in Sources */,
				D69D72292500B260003CC22E /* SceneDelegate.swift in Sources */,
				D657696025010F16004ADCFC /* MainViewController.swift in Sources */,
			);
			runOnlyForDeploymentPostprocessing = 0;
		};
/* End PBXSourcesBuildPhase section */

/* Begin PBXVariantGroup section */
		D657695725010C54004ADCFC /* Focus.storyboard */ = {
			isa = PBXVariantGroup;
			children = (
				D657695825010C54004ADCFC /* Base */,
			);
			name = Focus.storyboard;
			sourceTree = "<group>";
		};
		D657695C25010C85004ADCFC /* Discovery.storyboard */ = {
			isa = PBXVariantGroup;
			children = (
				D657695D25010C85004ADCFC /* Base */,
			);
			name = Discovery.storyboard;
			sourceTree = "<group>";
		};
		D69D722C2500B260003CC22E /* Main.storyboard */ = {
			isa = PBXVariantGroup;
			children = (
				D69D722D2500B260003CC22E /* Base */,
			);
			name = Main.storyboard;
			sourceTree = "<group>";
		};
		D69D72342500B261003CC22E /* LaunchScreen.storyboard */ = {
			isa = PBXVariantGroup;
			children = (
				D69D72352500B261003CC22E /* Base */,
			);
			name = LaunchScreen.storyboard;
			sourceTree = "<group>";
		};
/* End PBXVariantGroup section */

/* Begin XCBuildConfiguration section */
		D69D72382500B261003CC22E /* Debug */ = {
			isa = XCBuildConfiguration;
			buildSettings = {
				ALWAYS_SEARCH_USER_PATHS = NO;
				CLANG_ANALYZER_NONNULL = YES;
				CLANG_ANALYZER_NUMBER_OBJECT_CONVERSION = YES_AGGRESSIVE;
				CLANG_CXX_LANGUAGE_STANDARD = "gnu++14";
				CLANG_CXX_LIBRARY = "libc++";
				CLANG_ENABLE_MODULES = YES;
				CLANG_ENABLE_OBJC_ARC = YES;
				CLANG_ENABLE_OBJC_WEAK = YES;
				CLANG_WARN_BLOCK_CAPTURE_AUTORELEASING = YES;
				CLANG_WARN_BOOL_CONVERSION = YES;
				CLANG_WARN_COMMA = YES;
				CLANG_WARN_CONSTANT_CONVERSION = YES;
				CLANG_WARN_DEPRECATED_OBJC_IMPLEMENTATIONS = YES;
				CLANG_WARN_DIRECT_OBJC_ISA_USAGE = YES_ERROR;
				CLANG_WARN_DOCUMENTATION_COMMENTS = YES;
				CLANG_WARN_EMPTY_BODY = YES;
				CLANG_WARN_ENUM_CONVERSION = YES;
				CLANG_WARN_INFINITE_RECURSION = YES;
				CLANG_WARN_INT_CONVERSION = YES;
				CLANG_WARN_NON_LITERAL_NULL_CONVERSION = YES;
				CLANG_WARN_OBJC_IMPLICIT_RETAIN_SELF = YES;
				CLANG_WARN_OBJC_LITERAL_CONVERSION = YES;
				CLANG_WARN_OBJC_ROOT_CLASS = YES_ERROR;
				CLANG_WARN_RANGE_LOOP_ANALYSIS = YES;
				CLANG_WARN_STRICT_PROTOTYPES = YES;
				CLANG_WARN_SUSPICIOUS_MOVE = YES;
				CLANG_WARN_UNGUARDED_AVAILABILITY = YES_AGGRESSIVE;
				CLANG_WARN_UNREACHABLE_CODE = YES;
				CLANG_WARN__DUPLICATE_METHOD_MATCH = YES;
				COPY_PHASE_STRIP = NO;
				DEBUG_INFORMATION_FORMAT = dwarf;
				ENABLE_STRICT_OBJC_MSGSEND = YES;
				ENABLE_TESTABILITY = YES;
				GCC_C_LANGUAGE_STANDARD = gnu11;
				GCC_DYNAMIC_NO_PIC = NO;
				GCC_NO_COMMON_BLOCKS = YES;
				GCC_OPTIMIZATION_LEVEL = 0;
				GCC_PREPROCESSOR_DEFINITIONS = (
					"DEBUG=1",
					"$(inherited)",
				);
				GCC_WARN_64_TO_32_BIT_CONVERSION = YES;
				GCC_WARN_ABOUT_RETURN_TYPE = YES_ERROR;
				GCC_WARN_UNDECLARED_SELECTOR = YES;
				GCC_WARN_UNINITIALIZED_AUTOS = YES_AGGRESSIVE;
				GCC_WARN_UNUSED_FUNCTION = YES;
				GCC_WARN_UNUSED_VARIABLE = YES;
				IPHONEOS_DEPLOYMENT_TARGET = 13.7;
				MTL_ENABLE_DEBUG_INFO = INCLUDE_SOURCE;
				MTL_FAST_MATH = YES;
				ONLY_ACTIVE_ARCH = YES;
				SDKROOT = iphoneos;
				SWIFT_ACTIVE_COMPILATION_CONDITIONS = DEBUG;
				SWIFT_OPTIMIZATION_LEVEL = "-Onone";
			};
			name = Debug;
		};
		D69D72392500B261003CC22E /* Release */ = {
			isa = XCBuildConfiguration;
			buildSettings = {
				ALWAYS_SEARCH_USER_PATHS = NO;
				CLANG_ANALYZER_NONNULL = YES;
				CLANG_ANALYZER_NUMBER_OBJECT_CONVERSION = YES_AGGRESSIVE;
				CLANG_CXX_LANGUAGE_STANDARD = "gnu++14";
				CLANG_CXX_LIBRARY = "libc++";
				CLANG_ENABLE_MODULES = YES;
				CLANG_ENABLE_OBJC_ARC = YES;
				CLANG_ENABLE_OBJC_WEAK = YES;
				CLANG_WARN_BLOCK_CAPTURE_AUTORELEASING = YES;
				CLANG_WARN_BOOL_CONVERSION = YES;
				CLANG_WARN_COMMA = YES;
				CLANG_WARN_CONSTANT_CONVERSION = YES;
				CLANG_WARN_DEPRECATED_OBJC_IMPLEMENTATIONS = YES;
				CLANG_WARN_DIRECT_OBJC_ISA_USAGE = YES_ERROR;
				CLANG_WARN_DOCUMENTATION_COMMENTS = YES;
				CLANG_WARN_EMPTY_BODY = YES;
				CLANG_WARN_ENUM_CONVERSION = YES;
				CLANG_WARN_INFINITE_RECURSION = YES;
				CLANG_WARN_INT_CONVERSION = YES;
				CLANG_WARN_NON_LITERAL_NULL_CONVERSION = YES;
				CLANG_WARN_OBJC_IMPLICIT_RETAIN_SELF = YES;
				CLANG_WARN_OBJC_LITERAL_CONVERSION = YES;
				CLANG_WARN_OBJC_ROOT_CLASS = YES_ERROR;
				CLANG_WARN_RANGE_LOOP_ANALYSIS = YES;
				CLANG_WARN_STRICT_PROTOTYPES = YES;
				CLANG_WARN_SUSPICIOUS_MOVE = YES;
				CLANG_WARN_UNGUARDED_AVAILABILITY = YES_AGGRESSIVE;
				CLANG_WARN_UNREACHABLE_CODE = YES;
				CLANG_WARN__DUPLICATE_METHOD_MATCH = YES;
				COPY_PHASE_STRIP = NO;
				DEBUG_INFORMATION_FORMAT = "dwarf-with-dsym";
				ENABLE_NS_ASSERTIONS = NO;
				ENABLE_STRICT_OBJC_MSGSEND = YES;
				GCC_C_LANGUAGE_STANDARD = gnu11;
				GCC_NO_COMMON_BLOCKS = YES;
				GCC_WARN_64_TO_32_BIT_CONVERSION = YES;
				GCC_WARN_ABOUT_RETURN_TYPE = YES_ERROR;
				GCC_WARN_UNDECLARED_SELECTOR = YES;
				GCC_WARN_UNINITIALIZED_AUTOS = YES_AGGRESSIVE;
				GCC_WARN_UNUSED_FUNCTION = YES;
				GCC_WARN_UNUSED_VARIABLE = YES;
				IPHONEOS_DEPLOYMENT_TARGET = 13.7;
				MTL_ENABLE_DEBUG_INFO = NO;
				MTL_FAST_MATH = YES;
				SDKROOT = iphoneos;
				SWIFT_COMPILATION_MODE = wholemodule;
				SWIFT_OPTIMIZATION_LEVEL = "-O";
				VALIDATE_PRODUCT = YES;
			};
			name = Release;
		};
		D69D723B2500B261003CC22E /* Debug */ = {
			isa = XCBuildConfiguration;
			buildSettings = {
				ASSETCATALOG_COMPILER_APPICON_NAME = AppIcon;
				CODE_SIGN_STYLE = Automatic;
				DEVELOPMENT_TEAM = 6ZWM9TT8RT;
				INFOPLIST_FILE = DouYu/Info.plist;
				IPHONEOS_DEPLOYMENT_TARGET = 13.0;
				LD_RUNPATH_SEARCH_PATHS = (
					"$(inherited)",
					"@executable_path/Frameworks",
				);
				PRODUCT_BUNDLE_IDENTIFIER = com.keyway.DouYu;
				PRODUCT_NAME = "$(TARGET_NAME)";
				SWIFT_VERSION = 5.0;
				TARGETED_DEVICE_FAMILY = 1;
			};
			name = Debug;
		};
		D69D723C2500B261003CC22E /* Release */ = {
			isa = XCBuildConfiguration;
			buildSettings = {
				ASSETCATALOG_COMPILER_APPICON_NAME = AppIcon;
				CODE_SIGN_STYLE = Automatic;
				DEVELOPMENT_TEAM = 6ZWM9TT8RT;
				INFOPLIST_FILE = DouYu/Info.plist;
				IPHONEOS_DEPLOYMENT_TARGET = 13.0;
				LD_RUNPATH_SEARCH_PATHS = (
					"$(inherited)",
					"@executable_path/Frameworks",
				);
				PRODUCT_BUNDLE_IDENTIFIER = com.keyway.DouYu;
				PRODUCT_NAME = "$(TARGET_NAME)";
				SWIFT_VERSION = 5.0;
				TARGETED_DEVICE_FAMILY = 1;
			};
			name = Release;
		};
/* End XCBuildConfiguration section */

/* Begin XCConfigurationList section */
		D69D721E2500B260003CC22E /* Build configuration list for PBXProject "DouYu" */ = {
			isa = XCConfigurationList;
			buildConfigurations = (
				D69D72382500B261003CC22E /* Debug */,
				D69D72392500B261003CC22E /* Release */,
			);
			defaultConfigurationIsVisible = 0;
			defaultConfigurationName = Release;
		};
		D69D723A2500B261003CC22E /* Build configuration list for PBXNativeTarget "DouYu" */ = {
			isa = XCConfigurationList;
			buildConfigurations = (
				D69D723B2500B261003CC22E /* Debug */,
				D69D723C2500B261003CC22E /* Release */,
			);
			defaultConfigurationIsVisible = 0;
			defaultConfigurationName = Release;
		};
/* End XCConfigurationList section */

/* Begin XCVersionGroup section */
		D69D722F2500B260003CC22E /* DouYu.xcdatamodeld */ = {
			isa = XCVersionGroup;
			children = (
				D69D72302500B260003CC22E /* DouYu.xcdatamodel */,
			);
			currentVersion = D69D72302500B260003CC22E /* DouYu.xcdatamodel */;
			path = DouYu.xcdatamodeld;
			sourceTree = "<group>";
			versionGroupType = wrapper.xcdatamodel;
		};
/* End XCVersionGroup section */
	};
	rootObject = D69D721B2500B260003CC22E /* Project object */;
}
